
Microsoft Visual Studio Solution File, Format Version 12.00
# Visual Studio Version 17
VisualStudioVersion = 17.14.36915.13 d17.14
MinimumVisualStudioVersion = 10.0.40219.1
Project("{FAE04EC0-301F-11D3-BF4B-00C04F79EFBC}") = "Orders.Api", "Orders.Api\Orders.Api.csproj", "{9CAF669B-EBAE-4352-B773-67271CD41BD4}"
EndProject
Project("{FAE04EC0-301F-11D3-BF4B-00C04F79EFBC}") = "Orders.Worker", "Orders.Worker\Orders.Worker.csproj", "{AE4C2334-B23A-4315-9EF8-5079AE23703B}"
EndProject
Project("{FAE04EC0-301F-11D3-BF4B-00C04F79EFBC}") = "Orders.Contracts", "Orders.Contracts\Orders.Contracts.csproj", "{BB30154F-4360-42F2-879A-9A07368DED92}"
EndProject
Global
	GlobalSection(SolutionConfigurationPlatforms) = preSolution
		Debug|Any CPU = Debug|Any CPU
		Release|Any CPU = Release|Any CPU
	EndGlobalSection
	GlobalSection(ProjectConfigurationPlatforms) = postSolution
		{9CAF669B-EBAE-4352-B773-67271CD41BD4}.Debug|Any CPU.ActiveCfg = Debug|Any CPU
		{9CAF669B-EBAE-4352-B773-67271CD41BD4}.Debug|Any CPU.Build.0 = Debug|Any CPU
		{9CAF669B-EBAE-4352-B773-67271CD41BD4}.Release|Any CPU.ActiveCfg = Release|Any CPU
		{9CAF669B-EBAE-4352-B773-67271CD41BD4}.Release|Any CPU.Build.0 = Release|Any CPU
		{AE4C2334-B23A-4315-9EF8-5079AE23703B}.Debug|Any CPU.ActiveCfg = Debug|Any CPU
		{AE4C2334-B23A-4315-9EF8-5079AE23703B}.Debug|Any CPU.Build.0 = Debug|Any CPU
		{AE4C2334-B23A-4315-9EF8-5079AE23703B}.Release|Any CPU.ActiveCfg = Release|Any CPU
		{AE4C2334-B23A-4315-9EF8-5079AE23703B}.Release|Any CPU.Build.0 = Release|Any CPU
		{BB30154F-4360-42F2-879A-9A07368DED92}.Debug|Any CPU.ActiveCfg = Debug|Any CPU
		{BB30154F-4360-42F2-879A-9A07368DED92}.Debug|Any CPU.Build.0 = Debug|Any CPU
		{BB30154F-4360-42F2-879A-9A07368DED92}.Release|Any CPU.ActiveCfg = Release|Any CPU
		{BB30154F-4360-42F2-879A-9A07368DED92}.Release|Any CPU.Build.0 = Release|Any CPU
	EndGlobalSection
	GlobalSection(SolutionProperties) = preSolution
		HideSolutionNode = FALSE
	EndGlobalSection
	GlobalSection(ExtensibilityGlobals) = postSolution
		SolutionGuid = {5F3EFF6A-9D5D-485F-BFDF-120D866CFFD2}
	EndGlobalSection
EndGlobal
